
Microsoft Visual Studio Solution File, Format Version 12.00
# Visual Studio Version 17
VisualStudioVersion = 17.11.35208.52
MinimumVisualStudioVersion = 10.0.40219.1
Project("{FAE04EC0-301F-11D3-BF4B-00C04F79EFBC}") = "E-Commerce Platform Project", "E-Commerce Platform Project\E-Commerce Platform Project.csproj", "{21A20D63-E655-48BA-8E15-C81998DA70EE}"
EndProject
Global
	GlobalSection(SolutionConfigurationPlatforms) = preSolution
		Debug|Any CPU = Debug|Any CPU
		Release|Any CPU = Release|Any CPU
	EndGlobalSection
	GlobalSection(ProjectConfigurationPlatforms) = postSolution
		{21A20D63-E655-48BA-8E15-C81998DA70EE}.Debug|Any CPU.ActiveCfg = Debug|Any CPU
		{21A20D63-E655-48BA-8E15-C81998DA70EE}.Debug|Any CPU.Build.0 = Debug|Any CPU
		{21A20D63-E655-48BA-8E15-C81998DA70EE}.Release|Any CPU.ActiveCfg = Release|Any CPU
		{21A20D63-E655-48BA-8E15-C81998DA70EE}.Release|Any CPU.Build.0 = Release|Any CPU
	EndGlobalSection
	GlobalSection(SolutionProperties) = preSolution
		HideSolutionNode = FALSE
	EndGlobalSection
	GlobalSection(ExtensibilityGlobals) = postSolution
		SolutionGuid = {D44DCF34-78CD-452C-9A52-0E0E16338679}
	EndGlobalSection
EndGlobal
